
Microsoft Visual Studio Solution File, Format Version 12.00
# Visual Studio Version 16
VisualStudioVersion = 16.0.34114.132
MinimumVisualStudioVersion = 10.0.40219.1
Project("{FAE04EC0-301F-11D3-BF4B-00C04F79EFBC}") = "ArduinoOTP", "ArduinoOTP.csproj", "{FFF856D0-F319-4A14-85A4-C8F445E6A9E7}"
EndProject
Global
	GlobalSection(SolutionConfigurationPlatforms) = preSolution
		Debug|Any CPU = Debug|Any CPU
		Release|Any CPU = Release|Any CPU
	EndGlobalSection
	GlobalSection(ProjectConfigurationPlatforms) = postSolution
		{FFF856D0-F319-4A14-85A4-C8F445E6A9E7}.Debug|Any CPU.ActiveCfg = Debug|Any CPU
		{FFF856D0-F319-4A14-85A4-C8F445E6A9E7}.Debug|Any CPU.Build.0 = Debug|Any CPU
		{FFF856D0-F319-4A14-85A4-C8F445E6A9E7}.Release|Any CPU.ActiveCfg = Release|Any CPU
		{FFF856D0-F319-4A14-85A4-C8F445E6A9E7}.Release|Any CPU.Build.0 = Release|Any CPU
	EndGlobalSection
	GlobalSection(SolutionProperties) = preSolution
		HideSolutionNode = FALSE
	EndGlobalSection
	GlobalSection(ExtensibilityGlobals) = postSolution
		SolutionGuid = {FEBCD488-66CF-4793-8794-C545A1DD425C}
	EndGlobalSection
EndGlobal
